
Microsoft Visual Studio Solution File, Format Version 12.00
# Visual Studio Version 16
VisualStudioVersion = 16.0.30104.148
MinimumVisualStudioVersion = 10.0.40219.1
Project("{FAE04EC0-301F-11D3-BF4B-00C04F79EFBC}") = "TrackerLibrary", "TrackerLibrary\TrackerLibrary.csproj", "{9ACC6352-6F46-43A4-B993-46D87AEB788C}"
EndProject
Project("{FAE04EC0-301F-11D3-BF4B-00C04F79EFBC}") = "Tracker UI", "Tracker UI\Tracker UI.csproj", "{901EA561-340C-42E8-8BC1-8266A83A553D}"
EndProject
Global
	GlobalSection(SolutionConfigurationPlatforms) = preSolution
		Debug|Any CPU = Debug|Any CPU
		Release|Any CPU = Release|Any CPU
	EndGlobalSection
	GlobalSection(ProjectConfigurationPlatforms) = postSolution
		{9ACC6352-6F46-43A4-B993-46D87AEB788C}.Debug|Any CPU.ActiveCfg = Debug|Any CPU
		{9ACC6352-6F46-43A4-B993-46D87AEB788C}.Debug|Any CPU.Build.0 = Debug|Any CPU
		{9ACC6352-6F46-43A4-B993-46D87AEB788C}.Release|Any CPU.ActiveCfg = Release|Any CPU
		{9ACC6352-6F46-43A4-B993-46D87AEB788C}.Release|Any CPU.Build.0 = Release|Any CPU
		{901EA561-340C-42E8-8BC1-8266A83A553D}.Debug|Any CPU.ActiveCfg = Debug|Any CPU
		{901EA561-340C-42E8-8BC1-8266A83A553D}.Debug|Any CPU.Build.0 = Debug|Any CPU
		{901EA561-340C-42E8-8BC1-8266A83A553D}.Release|Any CPU.ActiveCfg = Release|Any CPU
		{901EA561-340C-42E8-8BC1-8266A83A553D}.Release|Any CPU.Build.0 = Release|Any CPU
	EndGlobalSection
	GlobalSection(SolutionProperties) = preSolution
		HideSolutionNode = FALSE
	EndGlobalSection
	GlobalSection(ExtensibilityGlobals) = postSolution
		SolutionGuid = {5092FAA8-6F0A-4B69-A0AA-77F09CA99EB4}
	EndGlobalSection
EndGlobal
